// !$*UTF8*$!
{
	archiveVersion = 1;
	classes = {
	};
	objectVersion = 46;
	objects = {

/* Begin PBXBuildFile section */
		55DCCCFD19CE843300ADE79B /* AppDelegate.swift in Sources */ = {isa = PBXBuildFile; fileRef = 55DCCCFC19CE843300ADE79B /* AppDelegate.swift */; };
		55DCCCFF19CE843300ADE79B /* ViewController.swift in Sources */ = {isa = PBXBuildFile; fileRef = 55DCCCFE19CE843300ADE79B /* ViewController.swift */; };
		55DCCD0219CE843300ADE79B /* Main.storyboard in Resources */ = {isa = PBXBuildFile; fileRef = 55DCCD0019CE843300ADE79B /* Main.storyboard */; };
		55DCCD0419CE843300ADE79B /* Images.xcassets in Resources */ = {isa = PBXBuildFile; fileRef = 55DCCD0319CE843300ADE79B /* Images.xcassets */; };
		55DCCD0719CE843300ADE79B /* LaunchScreen.xib in Resources */ = {isa = PBXBuildFile; fileRef = 55DCCD0519CE843300ADE79B /* LaunchScreen.xib */; };
		55DCCD1319CE843300ADE79B /* YelpTests.swift in Sources */ = {isa = PBXBuildFile; fileRef = 55DCCD1219CE843300ADE79B /* YelpTests.swift */; };
/* End PBXBuildFile section */

/* Begin PBXContainerItemProxy section */
		55DCCD0D19CE843300ADE79B /* PBXContainerItemProxy */ = {
			isa = PBXContainerItemProxy;
			containerPortal = 55DCCCEF19CE843300ADE79B /* Project object */;
			proxyType = 1;
			remoteGlobalIDString = 55DCCCF619CE843300ADE79B;
			remoteInfo = Yelp;
		};
/* End PBXContainerItemProxy section */

/* Begin PBXFileReference section */
		55DCCCF719CE843300ADE79B /* Yelp.app */ = {isa = PBXFileReference; explicitFileType = wrapper.application; includeInIndex = 0; path = Yelp.app; sourceTree = BUILT_PRODUCTS_DIR; };
		55DCCCFB19CE843300ADE79B /* Info.plist */ = {isa = PBXFileReference; lastKnownFileType = text.plist.xml; path = Info.plist; sourceTree = "<group>"; };
		55DCCCFC19CE843300ADE79B /* AppDelegate.swift */ = {isa = PBXFileReference; lastKnownFileType = sourcecode.swift; path = AppDelegate.swift; sourceTree = "<group>"; };
		55DCCCFE19CE843300ADE79B /* ViewController.swift */ = {isa = PBXFileReference; lastKnownFileType = sourcecode.swift; path = ViewController.swift; sourceTree = "<group>"; };
		55DCCD0119CE843300ADE79B /* Base */ = {isa = PBXFileReference; lastKnownFileType = file.storyboard; name = Base; path = Base.lproj/Main.storyboard; sourceTree = "<group>"; };
		55DCCD0319CE843300ADE79B /* Images.xcassets */ = {isa = PBXFileReference; lastKnownFileType = folder.assetcatalog; path = Images.xcassets; sourceTree = "<group>"; };
		55DCCD0619CE843300ADE79B /* Base */ = {isa = PBXFileReference; lastKnownFileType = file.xib; name = Base; path = Base.lproj/LaunchScreen.xib; sourceTree = "<group>"; };
		55DCCD0C19CE843300ADE79B /* YelpTests.xctest */ = {isa = PBXFileReference; explicitFileType = wrapper.cfbundle; includeInIndex = 0; path = YelpTests.xctest; sourceTree = BUILT_PRODUCTS_DIR; };
		55DCCD1119CE843300ADE79B /* Info.plist */ = {isa = PBXFileReference; lastKnownFileType = text.plist.xml; path = Info.plist; sourceTree = "<group>"; };
		55DCCD1219CE843300ADE79B /* YelpTests.swift */ = {isa = PBXFileReference; lastKnownFileType = sourcecode.swift; path = YelpTests.swift; sourceTree = "<group>"; };
/* End PBXFileReference section */

/* Begin PBXFrameworksBuildPhase section */
		55DCCCF419CE843300ADE79B /* Frameworks */ = {
			isa = PBXFrameworksBuildPhase;
			buildActionMask = 2147483647;
			files = (
			);
			runOnlyForDeploymentPostprocessing = 0;
		};
		55DCCD0919CE843300ADE79B /* Frameworks */ = {
			isa = PBXFrameworksBuildPhase;
			buildActionMask = 2147483647;
			files = (
			);
			runOnlyForDeploymentPostprocessing = 0;
		};
/* End PBXFrameworksBuildPhase section */

/* Begin PBXGroup section */
		55DCCCEE19CE843300ADE79B = {
			isa = PBXGroup;
			children = (
				55DCCCF919CE843300ADE79B /* Yelp */,
				55DCCD0F19CE843300ADE79B /* YelpTests */,
				55DCCCF819CE843300ADE79B /* Products */,
			);
			sourceTree = "<group>";
		};
		55DCCCF819CE843300ADE79B /* Products */ = {
			isa = PBXGroup;
			children = (
				55DCCCF719CE843300ADE79B /* Yelp.app */,
				55DCCD0C19CE843300ADE79B /* YelpTests.xctest */,
			);
			name = Products;
			sourceTree = "<group>";
		};
		55DCCCF919CE843300ADE79B /* Yelp */ = {
			isa = PBXGroup;
			children = (
				55DCCCFC19CE843300ADE79B /* AppDelegate.swift */,
				55DCCCFE19CE843300ADE79B /* ViewController.swift */,
				55DCCD0019CE843300ADE79B /* Main.storyboard */,
				55DCCD0319CE843300ADE79B /* Images.xcassets */,
				55DCCD0519CE843300ADE79B /* LaunchScreen.xib */,
				55DCCCFA19CE843300ADE79B /* Supporting Files */,
			);
			path = Yelp;
			sourceTree = "<group>";
		};
		55DCCCFA19CE843300ADE79B /* Supporting Files */ = {
			isa = PBXGroup;
			children = (
				55DCCCFB19CE843300ADE79B /* Info.plist */,
			);
			name = "Supporting Files";
			sourceTree = "<group>";
		};
		55DCCD0F19CE843300ADE79B /* YelpTests */ = {
			isa = PBXGroup;
			children = (
				55DCCD1219CE843300ADE79B /* YelpTests.swift */,
				55DCCD1019CE843300ADE79B /* Supporting Files */,
			);
			path = YelpTests;
			sourceTree = "<group>";
		};
		55DCCD1019CE843300ADE79B /* Supporting Files */ = {
			isa = PBXGroup;
			children = (
				55DCCD1119CE843300ADE79B /* Info.plist */,
			);
			name = "Supporting Files";
			sourceTree = "<group>";
		};
/* End PBXGroup section */

/* Begin PBXNativeTarget section */
		55DCCCF619CE843300ADE79B /* Yelp */ = {
			isa = PBXNativeTarget;
			buildConfigurationList = 55DCCD1619CE843300ADE79B /* Build configuration list for PBXNativeTarget "Yelp" */;
			buildPhases = (
				55DCCCF319CE843300ADE79B /* Sources */,
				55DCCCF419CE843300ADE79B /* Frameworks */,
				55DCCCF519CE843300ADE79B /* Resources */,
			);
			buildRules = (
			);
			dependencies = (
			);
			name = Yelp;
			productName = Yelp;
			productReference = 55DCCCF719CE843300ADE79B /* Yelp.app */;
			productType = "com.apple.product-type.application";
		};
		55DCCD0B19CE843300ADE79B /* YelpTests */ = {
			isa = PBXNativeTarget;
			buildConfigurationList = 55DCCD1919CE843300ADE79B /* Build configuration list for PBXNativeTarget "YelpTests" */;
			buildPhases = (
				55DCCD0819CE843300ADE79B /* Sources */,
				55DCCD0919CE843300ADE79B /* Frameworks */,
				55DCCD0A19CE843300ADE79B /* Resources */,
			);
			buildRules = (
			);
			dependencies = (
				55DCCD0E19CE843300ADE79B /* PBXTargetDependency */,
			);
			name = YelpTests;
			productName = YelpTests;
			productReference = 55DCCD0C19CE843300ADE79B /* YelpTests.xctest */;
			productType = "com.apple.product-type.bundle.unit-test";
		};
/* End PBXNativeTarget section */

/* Begin PBXProject section */
		55DCCCEF19CE843300ADE79B /* Project object */ = {
			isa = PBXProject;
			attributes = {
				LastUpgradeCheck = 0600;
				ORGANIZATIONNAME = "Tsung Hung";
				TargetAttributes = {
					55DCCCF619CE843300ADE79B = {
						CreatedOnToolsVersion = 6.0.1;
					};
					55DCCD0B19CE843300ADE79B = {
						CreatedOnToolsVersion = 6.0.1;
						TestTargetID = 55DCCCF619CE843300ADE79B;
					};
				};
			};
			buildConfigurationList = 55DCCCF219CE843300ADE79B /* Build configuration list for PBXProject "Yelp" */;
			compatibilityVersion = "Xcode 3.2";
			developmentRegion = English;
			hasScannedForEncodings = 0;
			knownRegions = (
				en,
				Base,
			);
			mainGroup = 55DCCCEE19CE843300ADE79B;
			productRefGroup = 55DCCCF819CE843300ADE79B /* Products */;
			projectDirPath = "";
			projectRoot = "";
			targets = (
				55DCCCF619CE843300ADE79B /* Yelp */,
				55DCCD0B19CE843300ADE79B /* YelpTests */,
			);
		};
/* End PBXProject section */

/* Begin PBXResourcesBuildPhase section */
		55DCCCF519CE843300ADE79B /* Resources */ = {
			isa = PBXResourcesBuildPhase;
			buildActionMask = 2147483647;
			files = (
				55DCCD0219CE843300ADE79B /* Main.storyboard in Resources */,
				55DCCD0719CE843300ADE79B /* LaunchScreen.xib in Resources */,
				55DCCD0419CE843300ADE79B /* Images.xcassets in Resources */,
			);
			runOnlyForDeploymentPostprocessing = 0;
		};
		55DCCD0A19CE843300ADE79B /* Resources */ = {
			isa = PBXResourcesBuildPhase;
			buildActionMask = 2147483647;
			files = (
			);
			runOnlyForDeploymentPostprocessing = 0;
		};
/* End PBXResourcesBuildPhase section */

/* Begin PBXSourcesBuildPhase section */
		55DCCCF319CE843300ADE79B /* Sources */ = {
			isa = PBXSourcesBuildPhase;
			buildActionMask = 2147483647;
			files = (
				55DCCCFF19CE843300ADE79B /* ViewController.swift in Sources */,
				55DCCCFD19CE843300ADE79B /* AppDelegate.swift in Sources */,
			);
			runOnlyForDeploymentPostprocessing = 0;
		};
		55DCCD0819CE843300ADE79B /* Sources */ = {
			isa = PBXSourcesBuildPhase;
			buildActionMask = 2147483647;
			files = (
				55DCCD1319CE843300ADE79B /* YelpTests.swift in Sources */,
			);
			runOnlyForDeploymentPostprocessing = 0;
		};
/* End PBXSourcesBuildPhase section */

/* Begin PBXTargetDependency section */
		55DCCD0E19CE843300ADE79B /* PBXTargetDependency */ = {
			isa = PBXTargetDependency;
			target = 55DCCCF619CE843300ADE79B /* Yelp */;
			targetProxy = 55DCCD0D19CE843300ADE79B /* PBXContainerItemProxy */;
		};
/* End PBXTargetDependency section */

/* Begin PBXVariantGroup section */
		55DCCD0019CE843300ADE79B /* Main.storyboard */ = {
			isa = PBXVariantGroup;
			children = (
				55DCCD0119CE843300ADE79B /* Base */,
			);
			name = Main.storyboard;
			sourceTree = "<group>";
		};
		55DCCD0519CE843300ADE79B /* LaunchScreen.xib */ = {
			isa = PBXVariantGroup;
			children = (
				55DCCD0619CE843300ADE79B /* Base */,
			);
			name = LaunchScreen.xib;
			sourceTree = "<group>";
		};
/* End PBXVariantGroup section */

/* Begin XCBuildConfiguration section */
		55DCCD1419CE843300ADE79B /* Debug */ = {
			isa = XCBuildConfiguration;
			buildSettings = {
				ALWAYS_SEARCH_USER_PATHS = NO;
				CLANG_CXX_LANGUAGE_STANDARD = "gnu++0x";
				CLANG_CXX_LIBRARY = "libc++";
				CLANG_ENABLE_MODULES = YES;
				CLANG_ENABLE_OBJC_ARC = YES;
				CLANG_WARN_BOOL_CONVERSION = YES;
				CLANG_WARN_CONSTANT_CONVERSION = YES;
				CLANG_WARN_DIRECT_OBJC_ISA_USAGE = YES_ERROR;
				CLANG_WARN_EMPTY_BODY = YES;
				CLANG_WARN_ENUM_CONVERSION = YES;
				CLANG_WARN_INT_CONVERSION = YES;
				CLANG_WARN_OBJC_ROOT_CLASS = YES_ERROR;
				CLANG_WARN_UNREACHABLE_CODE = YES;
				CLANG_WARN__DUPLICATE_METHOD_MATCH = YES;
				"CODE_SIGN_IDENTITY[sdk=iphoneos*]" = "iPhone Developer";
				COPY_PHASE_STRIP = NO;
				ENABLE_STRICT_OBJC_MSGSEND = YES;
				GCC_C_LANGUAGE_STANDARD = gnu99;
				GCC_DYNAMIC_NO_PIC = NO;
				GCC_OPTIMIZATION_LEVEL = 0;
				GCC_PREPROCESSOR_DEFINITIONS = (
					"DEBUG=1",
					"$(inherited)",
				);
				GCC_SYMBOLS_PRIVATE_EXTERN = NO;
				GCC_WARN_64_TO_32_BIT_CONVERSION = YES;
				GCC_WARN_ABOUT_RETURN_TYPE = YES_ERROR;
				GCC_WARN_UNDECLARED_SELECTOR = YES;
				GCC_WARN_UNINITIALIZED_AUTOS = YES_AGGRESSIVE;
				GCC_WARN_UNUSED_FUNCTION = YES;
				GCC_WARN_UNUSED_VARIABLE = YES;
				IPHONEOS_DEPLOYMENT_TARGET = 8.0;
				MTL_ENABLE_DEBUG_INFO = YES;
				ONLY_ACTIVE_ARCH = YES;
				SDKROOT = iphoneos;
				SWIFT_OPTIMIZATION_LEVEL = "-Onone";
			};
			name = Debug;
		};
		55DCCD1519CE843300ADE79B /* Release */ = {
			isa = XCBuildConfiguration;
			buildSettings = {
				ALWAYS_SEARCH_USER_PATHS = NO;
				CLANG_CXX_LANGUAGE_STANDARD = "gnu++0x";
				CLANG_CXX_LIBRARY = "libc++";
				CLANG_ENABLE_MODULES = YES;
				CLANG_ENABLE_OBJC_ARC = YES;
				CLANG_WARN_BOOL_CONVERSION = YES;
				CLANG_WARN_CONSTANT_CONVERSION = YES;
				CLANG_WARN_DIRECT_OBJC_ISA_USAGE = YES_ERROR;
				CLANG_WARN_EMPTY_BODY = YES;
				CLANG_WARN_ENUM_CONVERSION = YES;
				CLANG_WARN_INT_CONVERSION = YES;
				CLANG_WARN_OBJC_ROOT_CLASS = YES_ERROR;
				CLANG_WARN_UNREACHABLE_CODE = YES;
				CLANG_WARN__DUPLICATE_METHOD_MATCH = YES;
				"CODE_SIGN_IDENTITY[sdk=iphoneos*]" = "iPhone Developer";
				COPY_PHASE_STRIP = YES;
				ENABLE_NS_ASSERTIONS = NO;
				ENABLE_STRICT_OBJC_MSGSEND = YES;
				GCC_C_LANGUAGE_STANDARD = gnu99;
				GCC_WARN_64_TO_32_BIT_CONVERSION = YES;
				GCC_WARN_ABOUT_RETURN_TYPE = YES_ERROR;
				GCC_WARN_UNDECLARED_SELECTOR = YES;
				GCC_WARN_UNINITIALIZED_AUTOS = YES_AGGRESSIVE;
				GCC_WARN_UNUSED_FUNCTION = YES;
				GCC_WARN_UNUSED_VARIABLE = YES;
				IPHONEOS_DEPLOYMENT_TARGET = 8.0;
				MTL_ENABLE_DEBUG_INFO = NO;
				SDKROOT = iphoneos;
				VALIDATE_PRODUCT = YES;
			};
			name = Release;
		};
		55DCCD1719CE843300ADE79B /* Debug */ = {
			isa = XCBuildConfiguration;
			buildSettings = {
				ASSETCATALOG_COMPILER_APPICON_NAME = AppIcon;
				INFOPLIST_FILE = Yelp/Info.plist;
				LD_RUNPATH_SEARCH_PATHS = "$(inherited) @executable_path/Frameworks";
				PRODUCT_NAME = "$(TARGET_NAME)";
			};
			name = Debug;
		};
		55DCCD1819CE843300ADE79B /* Release */ = {
			isa = XCBuildConfiguration;
			buildSettings = {
				ASSETCATALOG_COMPILER_APPICON_NAME = AppIcon;
				INFOPLIST_FILE = Yelp/Info.plist;
				LD_RUNPATH_SEARCH_PATHS = "$(inherited) @executable_path/Frameworks";
				PRODUCT_NAME = "$(TARGET_NAME)";
			};
			name = Release;
		};
		55DCCD1A19CE843300ADE79B /* Debug */ = {
			isa = XCBuildConfiguration;
			buildSettings = {
				BUNDLE_LOADER = "$(TEST_HOST)";
				FRAMEWORK_SEARCH_PATHS = (
					"$(SDKROOT)/Developer/Library/Frameworks",
					"$(inherited)",
				);
				GCC_PREPROCESSOR_DEFINITIONS = (
					"DEBUG=1",
					"$(inherited)",
				);
				INFOPLIST_FILE = YelpTests/Info.plist;
				LD_RUNPATH_SEARCH_PATHS = "$(inherited) @executable_path/Frameworks @loader_path/Frameworks";
				PRODUCT_NAME = "$(TARGET_NAME)";
				TEST_HOST = "$(BUILT_PRODUCTS_DIR)/Yelp.app/Yelp";
			};
			name = Debug;
		};
		55DCCD1B19CE843300ADE79B /* Release */ = {
			isa = XCBuildConfiguration;
			buildSettings = {
				BUNDLE_LOADER = "$(TEST_HOST)";
				FRAMEWORK_SEARCH_PATHS = (
					"$(SDKROOT)/Developer/Library/Frameworks",
					"$(inherited)",
				);
				INFOPLIST_FILE = YelpTests/Info.plist;
				LD_RUNPATH_SEARCH_PATHS = "$(inherited) @executable_path/Frameworks @loader_path/Frameworks";
				PRODUCT_NAME = "$(TARGET_NAME)";
				TEST_HOST = "$(BUILT_PRODUCTS_DIR)/Yelp.app/Yelp";
			};
			name = Release;
		};
/* End XCBuildConfiguration section */

/* Begin XCConfigurationList section */
		55DCCCF219CE843300ADE79B /* Build configuration list for PBXProject "Yelp" */ = {
			isa = XCConfigurationList;
			buildConfigurations = (
				55DCCD1419CE843300ADE79B /* Debug */,
				55DCCD1519CE843300ADE79B /* Release */,
			);
			defaultConfigurationIsVisible = 0;
			defaultConfigurationName = Release;
		};
		55DCCD1619CE843300ADE79B /* Build configuration list for PBXNativeTarget "Yelp" */ = {
			isa = XCConfigurationList;
			buildConfigurations = (
				55DCCD1719CE843300ADE79B /* Debug */,
				55DCCD1819CE843300ADE79B /* Release */,
			);
			defaultConfigurationIsVisible = 0;
		};
		55DCCD1919CE843300ADE79B /* Build configuration list for PBXNativeTarget "YelpTests" */ = {
			isa = XCConfigurationList;
			buildConfigurations = (
				55DCCD1A19CE843300ADE79B /* Debug */,
				55DCCD1B19CE843300ADE79B /* Release */,
			);
			defaultConfigurationIsVisible = 0;
		};
/* End XCConfigurationList section */
	};
	rootObject = 55DCCCEF19CE843300ADE79B /* Project object */;
}
